
Microsoft Visual Studio Solution File, Format Version 12.00
# Visual Studio 2013
VisualStudioVersion = 12.0.21005.1
MinimumVisualStudioVersion = 10.0.40219.1
Project("{8BC9CEB8-8B4A-11D0-8D11-00A0C91BC942}") = "广度优先搜索算法", "广度优先搜索算法\广度优先搜索算法.vcxproj", "{0A07960A-6D03-49A0-968B-3D1A6DA20469}"
EndProject
Global
	GlobalSection(SolutionConfigurationPlatforms) = preSolution
		Debug|Win32 = Debug|Win32
		Release|Win32 = Release|Win32
	EndGlobalSection
	GlobalSection(ProjectConfigurationPlatforms) = postSolution
		{0A07960A-6D03-49A0-968B-3D1A6DA20469}.Debug|Win32.ActiveCfg = Debug|Win32
		{0A07960A-6D03-49A0-968B-3D1A6DA20469}.Debug|Win32.Build.0 = Debug|Win32
		{0A07960A-6D03-49A0-968B-3D1A6DA20469}.Release|Win32.ActiveCfg = Release|Win32
		{0A07960A-6D03-49A0-968B-3D1A6DA20469}.Release|Win32.Build.0 = Release|Win32
	EndGlobalSection
	GlobalSection(SolutionProperties) = preSolution
		HideSolutionNode = FALSE
	EndGlobalSection
EndGlobal
